
Microsoft Visual Studio Solution File, Format Version 12.00
# Visual Studio Version 17
VisualStudioVersion = 17.10.35013.160
MinimumVisualStudioVersion = 10.0.40219.1
Project("{FAE04EC0-301F-11D3-BF4B-00C04F79EFBC}") = "2123110233_LeDinhBang", "2123110233_LeDinhBang\2123110233_LeDinhBang.csproj", "{BFB5B20D-4EE2-417F-8EDE-4A8449EFB378}"
EndProject
Global
	GlobalSection(SolutionConfigurationPlatforms) = preSolution
		Debug|Any CPU = Debug|Any CPU
		Release|Any CPU = Release|Any CPU
	EndGlobalSection
	GlobalSection(ProjectConfigurationPlatforms) = postSolution
		{BFB5B20D-4EE2-417F-8EDE-4A8449EFB378}.Debug|Any CPU.ActiveCfg = Debug|Any CPU
		{BFB5B20D-4EE2-417F-8EDE-4A8449EFB378}.Debug|Any CPU.Build.0 = Debug|Any CPU
		{BFB5B20D-4EE2-417F-8EDE-4A8449EFB378}.Release|Any CPU.ActiveCfg = Release|Any CPU
		{BFB5B20D-4EE2-417F-8EDE-4A8449EFB378}.Release|Any CPU.Build.0 = Release|Any CPU
	EndGlobalSection
	GlobalSection(SolutionProperties) = preSolution
		HideSolutionNode = FALSE
	EndGlobalSection
	GlobalSection(ExtensibilityGlobals) = postSolution
		SolutionGuid = {3BF4D605-357A-4F9F-AEC0-83F131B10133}
	EndGlobalSection
EndGlobal
